
Microsoft Visual Studio Solution File, Format Version 12.00
# Visual Studio Version 16
VisualStudioVersion = 16.0.31702.278
MinimumVisualStudioVersion = 10.0.40219.1
Project("{9A19103F-16F7-4668-BE54-9A1E7A4F7556}") = "Microservice.Ocelot", "Microservice.Ocelot\Microservice.Ocelot.csproj", "{1A2D08D6-72CE-423B-8C50-C3704887F022}"
EndProject
Project("{FAE04EC0-301F-11D3-BF4B-00C04F79EFBC}") = "Microservice.Customer", "Microservice.Customer\Microservice.Customer.csproj", "{9AC3EEF1-5DE1-47C5-9ECF-9333D5F0DE1E}"
EndProject
Project("{FAE04EC0-301F-11D3-BF4B-00C04F79EFBC}") = "Microservice.Product", "Microservice.Product\Microservice.Product.csproj", "{40B8155E-AED7-4721-BAA1-D5A120A36EB6}"
EndProject
Global
	GlobalSection(SolutionConfigurationPlatforms) = preSolution
		Debug|Any CPU = Debug|Any CPU
		Release|Any CPU = Release|Any CPU
	EndGlobalSection
	GlobalSection(ProjectConfigurationPlatforms) = postSolution
		{1A2D08D6-72CE-423B-8C50-C3704887F022}.Debug|Any CPU.ActiveCfg = Debug|Any CPU
		{1A2D08D6-72CE-423B-8C50-C3704887F022}.Debug|Any CPU.Build.0 = Debug|Any CPU
		{1A2D08D6-72CE-423B-8C50-C3704887F022}.Release|Any CPU.ActiveCfg = Release|Any CPU
		{1A2D08D6-72CE-423B-8C50-C3704887F022}.Release|Any CPU.Build.0 = Release|Any CPU
		{9AC3EEF1-5DE1-47C5-9ECF-9333D5F0DE1E}.Debug|Any CPU.ActiveCfg = Debug|Any CPU
		{9AC3EEF1-5DE1-47C5-9ECF-9333D5F0DE1E}.Debug|Any CPU.Build.0 = Debug|Any CPU
		{9AC3EEF1-5DE1-47C5-9ECF-9333D5F0DE1E}.Release|Any CPU.ActiveCfg = Release|Any CPU
		{9AC3EEF1-5DE1-47C5-9ECF-9333D5F0DE1E}.Release|Any CPU.Build.0 = Release|Any CPU
		{40B8155E-AED7-4721-BAA1-D5A120A36EB6}.Debug|Any CPU.ActiveCfg = Debug|Any CPU
		{40B8155E-AED7-4721-BAA1-D5A120A36EB6}.Debug|Any CPU.Build.0 = Debug|Any CPU
		{40B8155E-AED7-4721-BAA1-D5A120A36EB6}.Release|Any CPU.ActiveCfg = Release|Any CPU
		{40B8155E-AED7-4721-BAA1-D5A120A36EB6}.Release|Any CPU.Build.0 = Release|Any CPU
	EndGlobalSection
	GlobalSection(SolutionProperties) = preSolution
		HideSolutionNode = FALSE
	EndGlobalSection
	GlobalSection(ExtensibilityGlobals) = postSolution
		SolutionGuid = {1C5AB911-4090-461F-9745-8E8A454A2C56}
	EndGlobalSection
EndGlobal
